
Microsoft Visual Studio Solution File, Format Version 12.00
# Visual Studio Version 17
VisualStudioVersion = 17.4.33213.308
MinimumVisualStudioVersion = 10.0.40219.1
Project("{FAE04EC0-301F-11D3-BF4B-00C04F79EFBC}") = "ModernAppliances", "ModernAppliances\ModernAppliances.csproj", "{AE999076-84CA-46A5-BEEF-30BCE1832992}"
EndProject
Global
	GlobalSection(SolutionConfigurationPlatforms) = preSolution
		Debug|Any CPU = Debug|Any CPU
		Release|Any CPU = Release|Any CPU
	EndGlobalSection
	GlobalSection(ProjectConfigurationPlatforms) = postSolution
		{AE999076-84CA-46A5-BEEF-30BCE1832992}.Debug|Any CPU.ActiveCfg = Debug|Any CPU
		{AE999076-84CA-46A5-BEEF-30BCE1832992}.Debug|Any CPU.Build.0 = Debug|Any CPU
		{AE999076-84CA-46A5-BEEF-30BCE1832992}.Release|Any CPU.ActiveCfg = Release|Any CPU
		{AE999076-84CA-46A5-BEEF-30BCE1832992}.Release|Any CPU.Build.0 = Release|Any CPU
	EndGlobalSection
	GlobalSection(SolutionProperties) = preSolution
		HideSolutionNode = FALSE
	EndGlobalSection
	GlobalSection(ExtensibilityGlobals) = postSolution
		SolutionGuid = {6FC1BFB5-BC1C-4A9F-8EA8-809C4095251E}
	EndGlobalSection
EndGlobal
